
Microsoft Visual Studio Solution File, Format Version 12.00
# Visual Studio Version 17
VisualStudioVersion = 17.12.35521.163 d17.12
MinimumVisualStudioVersion = 10.0.40219.1
Project("{FAE04EC0-301F-11D3-BF4B-00C04F79EFBC}") = "EmployeeManagement.Web", "EmployeeManagement.Web.csproj", "{7C613277-3241-4FFD-BE8A-FC5FD43A0053}"
EndProject
Project("{FAE04EC0-301F-11D3-BF4B-00C04F79EFBC}") = "EmployeeManagement.Model", "..\EmployeeManagement.Model\EmployeeManagement.Model.csproj", "{F5F73AD4-0C05-4832-9729-6606B76E8FC4}"
EndProject
Project("{FAE04EC0-301F-11D3-BF4B-00C04F79EFBC}") = "EmployeeManagement.Service", "..\EmployeeManagement.Service\EmployeeManagement.Service.csproj", "{B9814DF5-5029-455C-B4B3-7E4EBD723B81}"
EndProject
Project("{FAE04EC0-301F-11D3-BF4B-00C04F79EFBC}") = "EmployeeManagement.Data", "..\EmployeeManagement.Data\EmployeeManagement.Data.csproj", "{06E3B8E3-B6F5-47BF-ADD9-F9139AE6342E}"
EndProject
Global
	GlobalSection(SolutionConfigurationPlatforms) = preSolution
		Debug|Any CPU = Debug|Any CPU
		Release|Any CPU = Release|Any CPU
	EndGlobalSection
	GlobalSection(ProjectConfigurationPlatforms) = postSolution
		{7C613277-3241-4FFD-BE8A-FC5FD43A0053}.Debug|Any CPU.ActiveCfg = Debug|Any CPU
		{7C613277-3241-4FFD-BE8A-FC5FD43A0053}.Debug|Any CPU.Build.0 = Debug|Any CPU
		{7C613277-3241-4FFD-BE8A-FC5FD43A0053}.Release|Any CPU.ActiveCfg = Release|Any CPU
		{7C613277-3241-4FFD-BE8A-FC5FD43A0053}.Release|Any CPU.Build.0 = Release|Any CPU
		{F5F73AD4-0C05-4832-9729-6606B76E8FC4}.Debug|Any CPU.ActiveCfg = Debug|Any CPU
		{F5F73AD4-0C05-4832-9729-6606B76E8FC4}.Debug|Any CPU.Build.0 = Debug|Any CPU
		{F5F73AD4-0C05-4832-9729-6606B76E8FC4}.Release|Any CPU.ActiveCfg = Release|Any CPU
		{F5F73AD4-0C05-4832-9729-6606B76E8FC4}.Release|Any CPU.Build.0 = Release|Any CPU
		{B9814DF5-5029-455C-B4B3-7E4EBD723B81}.Debug|Any CPU.ActiveCfg = Debug|Any CPU
		{B9814DF5-5029-455C-B4B3-7E4EBD723B81}.Debug|Any CPU.Build.0 = Debug|Any CPU
		{B9814DF5-5029-455C-B4B3-7E4EBD723B81}.Release|Any CPU.ActiveCfg = Release|Any CPU
		{B9814DF5-5029-455C-B4B3-7E4EBD723B81}.Release|Any CPU.Build.0 = Release|Any CPU
		{06E3B8E3-B6F5-47BF-ADD9-F9139AE6342E}.Debug|Any CPU.ActiveCfg = Debug|Any CPU
		{06E3B8E3-B6F5-47BF-ADD9-F9139AE6342E}.Debug|Any CPU.Build.0 = Debug|Any CPU
		{06E3B8E3-B6F5-47BF-ADD9-F9139AE6342E}.Release|Any CPU.ActiveCfg = Release|Any CPU
		{06E3B8E3-B6F5-47BF-ADD9-F9139AE6342E}.Release|Any CPU.Build.0 = Release|Any CPU
	EndGlobalSection
	GlobalSection(SolutionProperties) = preSolution
		HideSolutionNode = FALSE
	EndGlobalSection
EndGlobal
